
Microsoft Visual Studio Solution File, Format Version 12.00
# Visual Studio Version 16
VisualStudioVersion = 16.0.29613.14
MinimumVisualStudioVersion = 10.0.40219.1
Project("{FAE04EC0-301F-11D3-BF4B-00C04F79EFBC}") = "fixation-exercise", "fixation-exercise\fixation-exercise.csproj", "{DD927019-A257-4CCE-A177-D43F6E944C18}"
EndProject
Global
	GlobalSection(SolutionConfigurationPlatforms) = preSolution
		Debug|Any CPU = Debug|Any CPU
		Release|Any CPU = Release|Any CPU
	EndGlobalSection
	GlobalSection(ProjectConfigurationPlatforms) = postSolution
		{DD927019-A257-4CCE-A177-D43F6E944C18}.Debug|Any CPU.ActiveCfg = Debug|Any CPU
		{DD927019-A257-4CCE-A177-D43F6E944C18}.Debug|Any CPU.Build.0 = Debug|Any CPU
		{DD927019-A257-4CCE-A177-D43F6E944C18}.Release|Any CPU.ActiveCfg = Release|Any CPU
		{DD927019-A257-4CCE-A177-D43F6E944C18}.Release|Any CPU.Build.0 = Release|Any CPU
	EndGlobalSection
	GlobalSection(SolutionProperties) = preSolution
		HideSolutionNode = FALSE
	EndGlobalSection
	GlobalSection(ExtensibilityGlobals) = postSolution
		SolutionGuid = {BC7D89EF-D6CA-4715-966A-79650A81F4A5}
	EndGlobalSection
EndGlobal
